
Microsoft Visual Studio Solution File, Format Version 12.00
# Visual Studio Version 17
VisualStudioVersion = 17.5.33502.453
MinimumVisualStudioVersion = 10.0.40219.1
Project("{8BC9CEB8-8B4A-11D0-8D11-00A0C91BC942}") = "ConsoleApplication1", "ConsoleApplication1\ConsoleApplication1.vcxproj", "{4E59E46A-3784-4382-9DCD-0D1B0D18D1DB}"
EndProject
Project("{8BC9CEB8-8B4A-11D0-8D11-00A0C91BC942}") = "Latihan2.cpp", "Latihan2.cpp\Latihan2.cpp.vcxproj", "{4562CE1D-5F14-4D4C-883C-3E22A779CF1A}"
EndProject
Project("{8BC9CEB8-8B4A-11D0-8D11-00A0C91BC942}") = "Latihan3", "Latihan3\Latihan3.vcxproj", "{51E07D95-A651-4878-99C5-D377D7035F56}"
EndProject
Global
	GlobalSection(SolutionConfigurationPlatforms) = preSolution
		Debug|x64 = Debug|x64
		Debug|x86 = Debug|x86
		Release|x64 = Release|x64
		Release|x86 = Release|x86
	EndGlobalSection
	GlobalSection(ProjectConfigurationPlatforms) = postSolution
		{4E59E46A-3784-4382-9DCD-0D1B0D18D1DB}.Debug|x64.ActiveCfg = Debug|x64
		{4E59E46A-3784-4382-9DCD-0D1B0D18D1DB}.Debug|x64.Build.0 = Debug|x64
		{4E59E46A-3784-4382-9DCD-0D1B0D18D1DB}.Debug|x86.ActiveCfg = Debug|Win32
		{4E59E46A-3784-4382-9DCD-0D1B0D18D1DB}.Debug|x86.Build.0 = Debug|Win32
		{4E59E46A-3784-4382-9DCD-0D1B0D18D1DB}.Release|x64.ActiveCfg = Release|x64
		{4E59E46A-3784-4382-9DCD-0D1B0D18D1DB}.Release|x64.Build.0 = Release|x64
		{4E59E46A-3784-4382-9DCD-0D1B0D18D1DB}.Release|x86.ActiveCfg = Release|Win32
		{4E59E46A-3784-4382-9DCD-0D1B0D18D1DB}.Release|x86.Build.0 = Release|Win32
		{4562CE1D-5F14-4D4C-883C-3E22A779CF1A}.Debug|x64.ActiveCfg = Debug|x64
		{4562CE1D-5F14-4D4C-883C-3E22A779CF1A}.Debug|x64.Build.0 = Debug|x64
		{4562CE1D-5F14-4D4C-883C-3E22A779CF1A}.Debug|x86.ActiveCfg = Debug|Win32
		{4562CE1D-5F14-4D4C-883C-3E22A779CF1A}.Debug|x86.Build.0 = Debug|Win32
		{4562CE1D-5F14-4D4C-883C-3E22A779CF1A}.Release|x64.ActiveCfg = Release|x64
		{4562CE1D-5F14-4D4C-883C-3E22A779CF1A}.Release|x64.Build.0 = Release|x64
		{4562CE1D-5F14-4D4C-883C-3E22A779CF1A}.Release|x86.ActiveCfg = Release|Win32
		{4562CE1D-5F14-4D4C-883C-3E22A779CF1A}.Release|x86.Build.0 = Release|Win32
		{51E07D95-A651-4878-99C5-D377D7035F56}.Debug|x64.ActiveCfg = Debug|x64
		{51E07D95-A651-4878-99C5-D377D7035F56}.Debug|x64.Build.0 = Debug|x64
		{51E07D95-A651-4878-99C5-D377D7035F56}.Debug|x86.ActiveCfg = Debug|Win32
		{51E07D95-A651-4878-99C5-D377D7035F56}.Debug|x86.Build.0 = Debug|Win32
		{51E07D95-A651-4878-99C5-D377D7035F56}.Release|x64.ActiveCfg = Release|x64
		{51E07D95-A651-4878-99C5-D377D7035F56}.Release|x64.Build.0 = Release|x64
		{51E07D95-A651-4878-99C5-D377D7035F56}.Release|x86.ActiveCfg = Release|Win32
		{51E07D95-A651-4878-99C5-D377D7035F56}.Release|x86.Build.0 = Release|Win32
	EndGlobalSection
	GlobalSection(SolutionProperties) = preSolution
		HideSolutionNode = FALSE
	EndGlobalSection
	GlobalSection(ExtensibilityGlobals) = postSolution
		SolutionGuid = {38D67754-19F0-4601-ACA5-C1A35CFD9E39}
	EndGlobalSection
EndGlobal
